
Microsoft Visual Studio Solution File, Format Version 12.00
# Visual Studio Version 17
VisualStudioVersion = 17.8.34525.116
MinimumVisualStudioVersion = 10.0.40219.1
Project("{8BC9CEB8-8B4A-11D0-8D11-00A0C91BC942}") = "Praktos_6++", "Praktos_6++\Praktos_6++.vcxproj", "{627E0010-14F5-457E-BE93-B2A5F3256CC4}"
EndProject
Global
	GlobalSection(SolutionConfigurationPlatforms) = preSolution
		Debug|x64 = Debug|x64
		Debug|x86 = Debug|x86
		Release|x64 = Release|x64
		Release|x86 = Release|x86
	EndGlobalSection
	GlobalSection(ProjectConfigurationPlatforms) = postSolution
		{627E0010-14F5-457E-BE93-B2A5F3256CC4}.Debug|x64.ActiveCfg = Debug|x64
		{627E0010-14F5-457E-BE93-B2A5F3256CC4}.Debug|x64.Build.0 = Debug|x64
		{627E0010-14F5-457E-BE93-B2A5F3256CC4}.Debug|x86.ActiveCfg = Debug|Win32
		{627E0010-14F5-457E-BE93-B2A5F3256CC4}.Debug|x86.Build.0 = Debug|Win32
		{627E0010-14F5-457E-BE93-B2A5F3256CC4}.Release|x64.ActiveCfg = Release|x64
		{627E0010-14F5-457E-BE93-B2A5F3256CC4}.Release|x64.Build.0 = Release|x64
		{627E0010-14F5-457E-BE93-B2A5F3256CC4}.Release|x86.ActiveCfg = Release|Win32
		{627E0010-14F5-457E-BE93-B2A5F3256CC4}.Release|x86.Build.0 = Release|Win32
	EndGlobalSection
	GlobalSection(SolutionProperties) = preSolution
		HideSolutionNode = FALSE
	EndGlobalSection
	GlobalSection(ExtensibilityGlobals) = postSolution
		SolutionGuid = {8896CDEA-85AA-4632-8A67-9D971EDB7243}
	EndGlobalSection
EndGlobal
